
Microsoft Visual Studio Solution File, Format Version 12.00
# Visual Studio 2013
VisualStudioVersion = 12.0.31101.0
MinimumVisualStudioVersion = 10.0.40219.1
Project("{FAE04EC0-301F-11D3-BF4B-00C04F79EFBC}") = "FoxTales.Infrastructure.DomainFramework", "FoxTales.Infrastructure.DomainFramework\FoxTales.Infrastructure.DomainFramework.csproj", "{1ABEBC28-7DB5-437F-8678-8E8C10781F0A}"
EndProject
Project("{FAE04EC0-301F-11D3-BF4B-00C04F79EFBC}") = "FoxTales.Infrastructure.FactoryFramework", "FoxTales.Infrastructure.FactoryFramework\FoxTales.Infrastructure.FactoryFramework.csproj", "{6BAB004D-17A6-415A-9F51-3E9C392D2E52}"
EndProject
Project("{FAE04EC0-301F-11D3-BF4B-00C04F79EFBC}") = "FoxTales.Infrastructure.OperationFramework", "FoxTales.Infrastructure.OperationFramework\FoxTales.Infrastructure.OperationFramework.csproj", "{1F295732-24D2-472D-B4B2-F175CB82FA0C}"
EndProject
Project("{FAE04EC0-301F-11D3-BF4B-00C04F79EFBC}") = "FoxTales.Infrastructure.RepositoryFramework", "FoxTales.Infrastructure.RepositoryFramework\FoxTales.Infrastructure.RepositoryFramework.csproj", "{D7F4706E-9EF8-41B4-A0A8-8D1440F6A7DC}"
EndProject
Project("{FAE04EC0-301F-11D3-BF4B-00C04F79EFBC}") = "FoxTales.Infrastructure.SpecificationFramework", "FoxTales.Infrastructure.SpecificationFramework\FoxTales.Infrastructure.SpecificationFramework.csproj", "{560F6714-676F-454C-8DDB-5CA36576B12D}"
EndProject
Project("{FAE04EC0-301F-11D3-BF4B-00C04F79EFBC}") = "FoxTales.Infrastructure.UnitOfWorkFramework", "FoxTales.Infrastructure.UnitOfWorkFramework\FoxTales.Infrastructure.UnitOfWorkFramework.csproj", "{760A409C-E320-4C76-9A3B-B186329FF9E8}"
EndProject
Project("{FAE04EC0-301F-11D3-BF4B-00C04F79EFBC}") = "FoxTales.Infrastructure.Repository.EntityFramework6", "FoxTales.Infrastructure.Repository.EntityFramework6\FoxTales.Infrastructure.Repository.EntityFramework6.csproj", "{5114F90A-81FC-4478-B7E8-6AFFDFAABF19}"
EndProject
Project("{FAE04EC0-301F-11D3-BF4B-00C04F79EFBC}") = "FoxTales.Infrastructure.ViewFramework", "FoxTales.Infrastructure.ViewFramework\FoxTales.Infrastructure.ViewFramework.csproj", "{310D3CF8-C894-4689-B065-31321DFC6F1F}"
EndProject
Project("{FAE04EC0-301F-11D3-BF4B-00C04F79EFBC}") = "FoxTales.Infrastructure.DependencyInjection", "FoxTales.Infrastructure.DependencyInjection\FoxTales.Infrastructure.DependencyInjection.csproj", "{3DE4A214-2391-4190-81AD-5202BB24FDB1}"
EndProject
Project("{2150E333-8FDC-42A3-9474-1A3956D46DE8}") = "License", "License", "{96886774-4065-4E48-8B45-362A5A779B7A}"
	ProjectSection(SolutionItems) = preProject
		Definition.licenseheader = Definition.licenseheader
		License.txt = License.txt
	EndProjectSection
EndProject
Project("{2150E333-8FDC-42A3-9474-1A3956D46DE8}") = ".nuget", ".nuget", "{FE98CF62-F80F-454D-BC12-E7380FBAA814}"
	ProjectSection(SolutionItems) = preProject
		.nuget\NuGet.Config = .nuget\NuGet.Config
	EndProjectSection
EndProject
Project("{FAE04EC0-301F-11D3-BF4B-00C04F79EFBC}") = "FoxTales.Infrastructure.Repository.Memory", "FoxTales.Infrastructure.Repository.Memory\FoxTales.Infrastructure.Repository.Memory.csproj", "{0D821E54-A83F-4176-9AC0-5452F93A6FD3}"
EndProject
Project("{FAE04EC0-301F-11D3-BF4B-00C04F79EFBC}") = "FoxTales.Infrastructure.Extensions", "FoxTales.Infrastructure.Extensions\FoxTales.Infrastructure.Extensions.csproj", "{4EC45E1E-4673-47CA-99F8-20117370527D}"
EndProject
Project("{FAE04EC0-301F-11D3-BF4B-00C04F79EFBC}") = "FoxTales.Infrastructure.DTOFramework", "FoxTales.Infrastructure.DTOFramework\FoxTales.Infrastructure.DTOFramework.csproj", "{1E9559A7-25C4-4A6F-B4A5-21DBA71220E0}"
EndProject
Project("{FAE04EC0-301F-11D3-BF4B-00C04F79EFBC}") = "FoxTales.Infrastructure.QueryFramework", "FoxTales.Infrastructure.QueryFramework\FoxTales.Infrastructure.QueryFramework.csproj", "{E492E644-E172-49F4-AD18-436D9C728CEA}"
EndProject
Project("{FAE04EC0-301F-11D3-BF4B-00C04F79EFBC}") = "FoxTales.Infrastructure.CommandFramework", "FoxTales.Infrastructure.CommandFramework\FoxTales.Infrastructure.CommandFramework.csproj", "{AD2B020C-07F6-4DF6-9A6A-225E3ABC0CC0}"
EndProject
Project("{FAE04EC0-301F-11D3-BF4B-00C04F79EFBC}") = "FoxTales.Infrastructure.MVCFramework", "FoxTales.Infrastructure.MVCFramework\FoxTales.Infrastructure.MVCFramework.csproj", "{5530F3FA-FC5F-488E-88C9-027920A3F2CC}"
EndProject
Global
	GlobalSection(SolutionConfigurationPlatforms) = preSolution
		Debug|Any CPU = Debug|Any CPU
		Release|Any CPU = Release|Any CPU
		Staging|Any CPU = Staging|Any CPU
		Test|Any CPU = Test|Any CPU
	EndGlobalSection
	GlobalSection(ProjectConfigurationPlatforms) = postSolution
		{1ABEBC28-7DB5-437F-8678-8E8C10781F0A}.Debug|Any CPU.ActiveCfg = Debug|Any CPU
		{1ABEBC28-7DB5-437F-8678-8E8C10781F0A}.Debug|Any CPU.Build.0 = Debug|Any CPU
		{1ABEBC28-7DB5-437F-8678-8E8C10781F0A}.Release|Any CPU.ActiveCfg = Release|Any CPU
		{1ABEBC28-7DB5-437F-8678-8E8C10781F0A}.Release|Any CPU.Build.0 = Release|Any CPU
		{1ABEBC28-7DB5-437F-8678-8E8C10781F0A}.Staging|Any CPU.ActiveCfg = Staging|Any CPU
		{1ABEBC28-7DB5-437F-8678-8E8C10781F0A}.Staging|Any CPU.Build.0 = Staging|Any CPU
		{1ABEBC28-7DB5-437F-8678-8E8C10781F0A}.Test|Any CPU.ActiveCfg = Test|Any CPU
		{1ABEBC28-7DB5-437F-8678-8E8C10781F0A}.Test|Any CPU.Build.0 = Test|Any CPU
		{6BAB004D-17A6-415A-9F51-3E9C392D2E52}.Debug|Any CPU.ActiveCfg = Debug|Any CPU
		{6BAB004D-17A6-415A-9F51-3E9C392D2E52}.Debug|Any CPU.Build.0 = Debug|Any CPU
		{6BAB004D-17A6-415A-9F51-3E9C392D2E52}.Release|Any CPU.ActiveCfg = Release|Any CPU
		{6BAB004D-17A6-415A-9F51-3E9C392D2E52}.Release|Any CPU.Build.0 = Release|Any CPU
		{6BAB004D-17A6-415A-9F51-3E9C392D2E52}.Staging|Any CPU.ActiveCfg = Staging|Any CPU
		{6BAB004D-17A6-415A-9F51-3E9C392D2E52}.Staging|Any CPU.Build.0 = Staging|Any CPU
		{6BAB004D-17A6-415A-9F51-3E9C392D2E52}.Test|Any CPU.ActiveCfg = Test|Any CPU
		{6BAB004D-17A6-415A-9F51-3E9C392D2E52}.Test|Any CPU.Build.0 = Test|Any CPU
		{1F295732-24D2-472D-B4B2-F175CB82FA0C}.Debug|Any CPU.ActiveCfg = Debug|Any CPU
		{1F295732-24D2-472D-B4B2-F175CB82FA0C}.Debug|Any CPU.Build.0 = Debug|Any CPU
		{1F295732-24D2-472D-B4B2-F175CB82FA0C}.Release|Any CPU.ActiveCfg = Release|Any CPU
		{1F295732-24D2-472D-B4B2-F175CB82FA0C}.Release|Any CPU.Build.0 = Release|Any CPU
		{1F295732-24D2-472D-B4B2-F175CB82FA0C}.Staging|Any CPU.ActiveCfg = Staging|Any CPU
		{1F295732-24D2-472D-B4B2-F175CB82FA0C}.Staging|Any CPU.Build.0 = Staging|Any CPU
		{1F295732-24D2-472D-B4B2-F175CB82FA0C}.Test|Any CPU.ActiveCfg = Test|Any CPU
		{1F295732-24D2-472D-B4B2-F175CB82FA0C}.Test|Any CPU.Build.0 = Test|Any CPU
		{D7F4706E-9EF8-41B4-A0A8-8D1440F6A7DC}.Debug|Any CPU.ActiveCfg = Debug|Any CPU
		{D7F4706E-9EF8-41B4-A0A8-8D1440F6A7DC}.Debug|Any CPU.Build.0 = Debug|Any CPU
		{D7F4706E-9EF8-41B4-A0A8-8D1440F6A7DC}.Release|Any CPU.ActiveCfg = Release|Any CPU
		{D7F4706E-9EF8-41B4-A0A8-8D1440F6A7DC}.Release|Any CPU.Build.0 = Release|Any CPU
		{D7F4706E-9EF8-41B4-A0A8-8D1440F6A7DC}.Staging|Any CPU.ActiveCfg = Staging|Any CPU
		{D7F4706E-9EF8-41B4-A0A8-8D1440F6A7DC}.Staging|Any CPU.Build.0 = Staging|Any CPU
		{D7F4706E-9EF8-41B4-A0A8-8D1440F6A7DC}.Test|Any CPU.ActiveCfg = Test|Any CPU
		{D7F4706E-9EF8-41B4-A0A8-8D1440F6A7DC}.Test|Any CPU.Build.0 = Test|Any CPU
		{560F6714-676F-454C-8DDB-5CA36576B12D}.Debug|Any CPU.ActiveCfg = Debug|Any CPU
		{560F6714-676F-454C-8DDB-5CA36576B12D}.Debug|Any CPU.Build.0 = Debug|Any CPU
		{560F6714-676F-454C-8DDB-5CA36576B12D}.Release|Any CPU.ActiveCfg = Release|Any CPU
		{560F6714-676F-454C-8DDB-5CA36576B12D}.Release|Any CPU.Build.0 = Release|Any CPU
		{560F6714-676F-454C-8DDB-5CA36576B12D}.Staging|Any CPU.ActiveCfg = Staging|Any CPU
		{560F6714-676F-454C-8DDB-5CA36576B12D}.Staging|Any CPU.Build.0 = Staging|Any CPU
		{560F6714-676F-454C-8DDB-5CA36576B12D}.Test|Any CPU.ActiveCfg = Test|Any CPU
		{560F6714-676F-454C-8DDB-5CA36576B12D}.Test|Any CPU.Build.0 = Test|Any CPU
		{760A409C-E320-4C76-9A3B-B186329FF9E8}.Debug|Any CPU.ActiveCfg = Debug|Any CPU
		{760A409C-E320-4C76-9A3B-B186329FF9E8}.Debug|Any CPU.Build.0 = Debug|Any CPU
		{760A409C-E320-4C76-9A3B-B186329FF9E8}.Release|Any CPU.ActiveCfg = Release|Any CPU
		{760A409C-E320-4C76-9A3B-B186329FF9E8}.Release|Any CPU.Build.0 = Release|Any CPU
		{760A409C-E320-4C76-9A3B-B186329FF9E8}.Staging|Any CPU.ActiveCfg = Staging|Any CPU
		{760A409C-E320-4C76-9A3B-B186329FF9E8}.Staging|Any CPU.Build.0 = Staging|Any CPU
		{760A409C-E320-4C76-9A3B-B186329FF9E8}.Test|Any CPU.ActiveCfg = Test|Any CPU
		{760A409C-E320-4C76-9A3B-B186329FF9E8}.Test|Any CPU.Build.0 = Test|Any CPU
		{5114F90A-81FC-4478-B7E8-6AFFDFAABF19}.Debug|Any CPU.ActiveCfg = Debug|Any CPU
		{5114F90A-81FC-4478-B7E8-6AFFDFAABF19}.Debug|Any CPU.Build.0 = Debug|Any CPU
		{5114F90A-81FC-4478-B7E8-6AFFDFAABF19}.Release|Any CPU.ActiveCfg = Release|Any CPU
		{5114F90A-81FC-4478-B7E8-6AFFDFAABF19}.Release|Any CPU.Build.0 = Release|Any CPU
		{5114F90A-81FC-4478-B7E8-6AFFDFAABF19}.Staging|Any CPU.ActiveCfg = Staging|Any CPU
		{5114F90A-81FC-4478-B7E8-6AFFDFAABF19}.Staging|Any CPU.Build.0 = Staging|Any CPU
		{5114F90A-81FC-4478-B7E8-6AFFDFAABF19}.Test|Any CPU.ActiveCfg = Test|Any CPU
		{5114F90A-81FC-4478-B7E8-6AFFDFAABF19}.Test|Any CPU.Build.0 = Test|Any CPU
		{310D3CF8-C894-4689-B065-31321DFC6F1F}.Debug|Any CPU.ActiveCfg = Debug|Any CPU
		{310D3CF8-C894-4689-B065-31321DFC6F1F}.Debug|Any CPU.Build.0 = Debug|Any CPU
		{310D3CF8-C894-4689-B065-31321DFC6F1F}.Release|Any CPU.ActiveCfg = Release|Any CPU
		{310D3CF8-C894-4689-B065-31321DFC6F1F}.Release|Any CPU.Build.0 = Release|Any CPU
		{310D3CF8-C894-4689-B065-31321DFC6F1F}.Staging|Any CPU.ActiveCfg = Staging|Any CPU
		{310D3CF8-C894-4689-B065-31321DFC6F1F}.Staging|Any CPU.Build.0 = Staging|Any CPU
		{310D3CF8-C894-4689-B065-31321DFC6F1F}.Test|Any CPU.ActiveCfg = Test|Any CPU
		{310D3CF8-C894-4689-B065-31321DFC6F1F}.Test|Any CPU.Build.0 = Test|Any CPU
		{3DE4A214-2391-4190-81AD-5202BB24FDB1}.Debug|Any CPU.ActiveCfg = Debug|Any CPU
		{3DE4A214-2391-4190-81AD-5202BB24FDB1}.Debug|Any CPU.Build.0 = Debug|Any CPU
		{3DE4A214-2391-4190-81AD-5202BB24FDB1}.Release|Any CPU.ActiveCfg = Release|Any CPU
		{3DE4A214-2391-4190-81AD-5202BB24FDB1}.Release|Any CPU.Build.0 = Release|Any CPU
		{3DE4A214-2391-4190-81AD-5202BB24FDB1}.Staging|Any CPU.ActiveCfg = Staging|Any CPU
		{3DE4A214-2391-4190-81AD-5202BB24FDB1}.Staging|Any CPU.Build.0 = Staging|Any CPU
		{3DE4A214-2391-4190-81AD-5202BB24FDB1}.Test|Any CPU.ActiveCfg = Test|Any CPU
		{3DE4A214-2391-4190-81AD-5202BB24FDB1}.Test|Any CPU.Build.0 = Test|Any CPU
		{0D821E54-A83F-4176-9AC0-5452F93A6FD3}.Debug|Any CPU.ActiveCfg = Debug|Any CPU
		{0D821E54-A83F-4176-9AC0-5452F93A6FD3}.Debug|Any CPU.Build.0 = Debug|Any CPU
		{0D821E54-A83F-4176-9AC0-5452F93A6FD3}.Release|Any CPU.ActiveCfg = Release|Any CPU
		{0D821E54-A83F-4176-9AC0-5452F93A6FD3}.Release|Any CPU.Build.0 = Release|Any CPU
		{0D821E54-A83F-4176-9AC0-5452F93A6FD3}.Staging|Any CPU.ActiveCfg = Staging|Any CPU
		{0D821E54-A83F-4176-9AC0-5452F93A6FD3}.Staging|Any CPU.Build.0 = Staging|Any CPU
		{0D821E54-A83F-4176-9AC0-5452F93A6FD3}.Test|Any CPU.ActiveCfg = Test|Any CPU
		{0D821E54-A83F-4176-9AC0-5452F93A6FD3}.Test|Any CPU.Build.0 = Test|Any CPU
		{4EC45E1E-4673-47CA-99F8-20117370527D}.Debug|Any CPU.ActiveCfg = Debug|Any CPU
		{4EC45E1E-4673-47CA-99F8-20117370527D}.Debug|Any CPU.Build.0 = Debug|Any CPU
		{4EC45E1E-4673-47CA-99F8-20117370527D}.Release|Any CPU.ActiveCfg = Release|Any CPU
		{4EC45E1E-4673-47CA-99F8-20117370527D}.Release|Any CPU.Build.0 = Release|Any CPU
		{4EC45E1E-4673-47CA-99F8-20117370527D}.Staging|Any CPU.ActiveCfg = Staging|Any CPU
		{4EC45E1E-4673-47CA-99F8-20117370527D}.Test|Any CPU.ActiveCfg = Test|Any CPU
		{4EC45E1E-4673-47CA-99F8-20117370527D}.Test|Any CPU.Build.0 = Test|Any CPU
		{1E9559A7-25C4-4A6F-B4A5-21DBA71220E0}.Debug|Any CPU.ActiveCfg = Debug|Any CPU
		{1E9559A7-25C4-4A6F-B4A5-21DBA71220E0}.Debug|Any CPU.Build.0 = Debug|Any CPU
		{1E9559A7-25C4-4A6F-B4A5-21DBA71220E0}.Release|Any CPU.ActiveCfg = Release|Any CPU
		{1E9559A7-25C4-4A6F-B4A5-21DBA71220E0}.Release|Any CPU.Build.0 = Release|Any CPU
		{1E9559A7-25C4-4A6F-B4A5-21DBA71220E0}.Staging|Any CPU.ActiveCfg = Staging|Any CPU
		{1E9559A7-25C4-4A6F-B4A5-21DBA71220E0}.Staging|Any CPU.Build.0 = Staging|Any CPU
		{1E9559A7-25C4-4A6F-B4A5-21DBA71220E0}.Test|Any CPU.ActiveCfg = Test|Any CPU
		{1E9559A7-25C4-4A6F-B4A5-21DBA71220E0}.Test|Any CPU.Build.0 = Test|Any CPU
		{E492E644-E172-49F4-AD18-436D9C728CEA}.Debug|Any CPU.ActiveCfg = Debug|Any CPU
		{E492E644-E172-49F4-AD18-436D9C728CEA}.Debug|Any CPU.Build.0 = Debug|Any CPU
		{E492E644-E172-49F4-AD18-436D9C728CEA}.Release|Any CPU.ActiveCfg = Release|Any CPU
		{E492E644-E172-49F4-AD18-436D9C728CEA}.Release|Any CPU.Build.0 = Release|Any CPU
		{E492E644-E172-49F4-AD18-436D9C728CEA}.Staging|Any CPU.ActiveCfg = Staging|Any CPU
		{E492E644-E172-49F4-AD18-436D9C728CEA}.Staging|Any CPU.Build.0 = Staging|Any CPU
		{E492E644-E172-49F4-AD18-436D9C728CEA}.Test|Any CPU.ActiveCfg = Test|Any CPU
		{E492E644-E172-49F4-AD18-436D9C728CEA}.Test|Any CPU.Build.0 = Test|Any CPU
		{AD2B020C-07F6-4DF6-9A6A-225E3ABC0CC0}.Debug|Any CPU.ActiveCfg = Debug|Any CPU
		{AD2B020C-07F6-4DF6-9A6A-225E3ABC0CC0}.Debug|Any CPU.Build.0 = Debug|Any CPU
		{AD2B020C-07F6-4DF6-9A6A-225E3ABC0CC0}.Release|Any CPU.ActiveCfg = Release|Any CPU
		{AD2B020C-07F6-4DF6-9A6A-225E3ABC0CC0}.Release|Any CPU.Build.0 = Release|Any CPU
		{AD2B020C-07F6-4DF6-9A6A-225E3ABC0CC0}.Staging|Any CPU.ActiveCfg = Staging|Any CPU
		{AD2B020C-07F6-4DF6-9A6A-225E3ABC0CC0}.Staging|Any CPU.Build.0 = Staging|Any CPU
		{AD2B020C-07F6-4DF6-9A6A-225E3ABC0CC0}.Test|Any CPU.ActiveCfg = Test|Any CPU
		{AD2B020C-07F6-4DF6-9A6A-225E3ABC0CC0}.Test|Any CPU.Build.0 = Test|Any CPU
		{5530F3FA-FC5F-488E-88C9-027920A3F2CC}.Debug|Any CPU.ActiveCfg = Debug|Any CPU
		{5530F3FA-FC5F-488E-88C9-027920A3F2CC}.Debug|Any CPU.Build.0 = Debug|Any CPU
		{5530F3FA-FC5F-488E-88C9-027920A3F2CC}.Release|Any CPU.ActiveCfg = Release|Any CPU
		{5530F3FA-FC5F-488E-88C9-027920A3F2CC}.Release|Any CPU.Build.0 = Release|Any CPU
		{5530F3FA-FC5F-488E-88C9-027920A3F2CC}.Staging|Any CPU.ActiveCfg = Staging|Any CPU
		{5530F3FA-FC5F-488E-88C9-027920A3F2CC}.Staging|Any CPU.Build.0 = Staging|Any CPU
		{5530F3FA-FC5F-488E-88C9-027920A3F2CC}.Test|Any CPU.ActiveCfg = Test|Any CPU
		{5530F3FA-FC5F-488E-88C9-027920A3F2CC}.Test|Any CPU.Build.0 = Test|Any CPU
	EndGlobalSection
	GlobalSection(SolutionProperties) = preSolution
		HideSolutionNode = FALSE
	EndGlobalSection
EndGlobal

